
Microsoft Visual Studio Solution File, Format Version 12.00
# Visual Studio Version 17
VisualStudioVersion = 17.1.32210.238
MinimumVisualStudioVersion = 10.0.40219.1
Project("{FAE04EC0-301F-11D3-BF4B-00C04F79EFBC}") = "TrainModel", "TrainModel\TrainModel.csproj", "{E96DF168-8CE2-480E-8024-1C5945204607}"
EndProject
Global
	GlobalSection(SolutionConfigurationPlatforms) = preSolution
		Debug|Any CPU = Debug|Any CPU
		Release|Any CPU = Release|Any CPU
	EndGlobalSection
	GlobalSection(ProjectConfigurationPlatforms) = postSolution
		{E96DF168-8CE2-480E-8024-1C5945204607}.Debug|Any CPU.ActiveCfg = Debug|Any CPU
		{E96DF168-8CE2-480E-8024-1C5945204607}.Debug|Any CPU.Build.0 = Debug|Any CPU
		{E96DF168-8CE2-480E-8024-1C5945204607}.Release|Any CPU.ActiveCfg = Release|Any CPU
		{E96DF168-8CE2-480E-8024-1C5945204607}.Release|Any CPU.Build.0 = Release|Any CPU
	EndGlobalSection
	GlobalSection(SolutionProperties) = preSolution
		HideSolutionNode = FALSE
	EndGlobalSection
	GlobalSection(ExtensibilityGlobals) = postSolution
		SolutionGuid = {3661ACC8-5280-4B51-9F8B-E9E1EF075FF4}
	EndGlobalSection
EndGlobal
