
Microsoft Visual Studio Solution File, Format Version 12.00
# Visual Studio Version 17
VisualStudioVersion = 17.1.32210.238
MinimumVisualStudioVersion = 10.0.40219.1
Project("{FAE04EC0-301F-11D3-BF4B-00C04F79EFBC}") = "AnalyzeTweets", "AnalyzeTweets\AnalyzeTweets.csproj", "{4BFEF3B8-A959-47FB-9D31-1E3CA287B40C}"
EndProject
Global
	GlobalSection(SolutionConfigurationPlatforms) = preSolution
		Debug|Any CPU = Debug|Any CPU
		Release|Any CPU = Release|Any CPU
	EndGlobalSection
	GlobalSection(ProjectConfigurationPlatforms) = postSolution
		{4BFEF3B8-A959-47FB-9D31-1E3CA287B40C}.Debug|Any CPU.ActiveCfg = Debug|Any CPU
		{4BFEF3B8-A959-47FB-9D31-1E3CA287B40C}.Debug|Any CPU.Build.0 = Debug|Any CPU
		{4BFEF3B8-A959-47FB-9D31-1E3CA287B40C}.Release|Any CPU.ActiveCfg = Release|Any CPU
		{4BFEF3B8-A959-47FB-9D31-1E3CA287B40C}.Release|Any CPU.Build.0 = Release|Any CPU
	EndGlobalSection
	GlobalSection(SolutionProperties) = preSolution
		HideSolutionNode = FALSE
	EndGlobalSection
	GlobalSection(ExtensibilityGlobals) = postSolution
		SolutionGuid = {59ACD1E1-5F0E-4D5C-88E3-9B2F52A24A00}
	EndGlobalSection
EndGlobal
